<?xml version="1.0" encoding="UTF-8"?>
<!DOCTYPE plist PUBLIC "-//Apple//DTD PLIST 1.0//EN" "http://www.apple.com/DTDs/PropertyList-1.0.dtd">
<plist version="1.0">
<dict>
	<key>archiveVersion</key>
	<string>1</string>
	<key>classes</key>
	<dict/>
	<key>objectVersion</key>
	<string>46</string>
	<key>objects</key>
	<dict>
		<key>0DE18D7D4F924BB7B4175E68</key>
		<dict>
			<key>fileRef</key>
			<string>65BBEF82A04A46F89B08867D</string>
			<key>isa</key>
			<string>PBXBuildFile</string>
		</dict>
		<key>3E266EACD4E04CCCA5B4186D</key>
		<dict>
			<key>buildActionMask</key>
			<string>2147483647</string>
			<key>files</key>
			<array/>
			<key>inputPaths</key>
			<array/>
			<key>isa</key>
			<string>PBXShellScriptBuildPhase</string>
			<key>name</key>
			<string>Copy Pods Resources</string>
			<key>outputPaths</key>
			<array/>
			<key>runOnlyForDeploymentPostprocessing</key>
			<string>0</string>
			<key>shellPath</key>
			<string>/bin/sh</string>
			<key>shellScript</key>
			<string>"${SRCROOT}/Pods/Target Support Files/Pods/Pods-resources.sh"
</string>
			<key>showEnvVarsInLog</key>
			<string>0</string>
		</dict>
		<key>50FEA133E46B493D814C31BF</key>
		<dict>
			<key>buildActionMask</key>
			<string>2147483647</string>
			<key>files</key>
			<array/>
			<key>inputPaths</key>
			<array/>
			<key>isa</key>
			<string>PBXShellScriptBuildPhase</string>
			<key>name</key>
			<string>Check Pods Manifest.lock</string>
			<key>outputPaths</key>
			<array/>
			<key>runOnlyForDeploymentPostprocessing</key>
			<string>0</string>
			<key>shellPath</key>
			<string>/bin/sh</string>
			<key>shellScript</key>
			<string>diff "${PODS_ROOT}/../Podfile.lock" "${PODS_ROOT}/Manifest.lock" &gt; /dev/null
if [[ $? != 0 ]] ; then
    cat &lt;&lt; EOM
error: The sandbox is not in sync with the Podfile.lock. Run 'pod install' or update your CocoaPods installation.
EOM
    exit 1
fi
</string>
			<key>showEnvVarsInLog</key>
			<string>0</string>
		</dict>
		<key>65BBEF82A04A46F89B08867D</key>
		<dict>
			<key>explicitFileType</key>
			<string>archive.ar</string>
			<key>includeInIndex</key>
			<string>0</string>
			<key>isa</key>
			<string>PBXFileReference</string>
			<key>path</key>
			<string>libPods.a</string>
			<key>sourceTree</key>
			<string>BUILT_PRODUCTS_DIR</string>
		</dict>
		<key>7C30C713E09D41858B482C24</key>
		<dict>
			<key>buildActionMask</key>
			<string>2147483647</string>
			<key>files</key>
			<array/>
			<key>inputPaths</key>
			<array/>
			<key>isa</key>
			<string>PBXShellScriptBuildPhase</string>
			<key>name</key>
			<string>Copy Pods Resources</string>
			<key>outputPaths</key>
			<array/>
			<key>runOnlyForDeploymentPostprocessing</key>
			<string>0</string>
			<key>shellPath</key>
			<string>/bin/sh</string>
			<key>shellScript</key>
			<string>"${SRCROOT}/Pods/Target Support Files/Pods/Pods-resources.sh"
</string>
			<key>showEnvVarsInLog</key>
			<string>0</string>
		</dict>
		<key>7DC1955E1731124951C35F5F</key>
		<dict>
			<key>includeInIndex</key>
			<string>1</string>
			<key>isa</key>
			<string>PBXFileReference</string>
			<key>lastKnownFileType</key>
			<string>text.xcconfig</string>
			<key>name</key>
			<string>Pods.release.xcconfig</string>
			<key>path</key>
			<string>Pods/Target Support Files/Pods/Pods.release.xcconfig</string>
			<key>sourceTree</key>
			<string>&lt;group&gt;</string>
		</dict>
		<key>83FE5657D0F048B9A14A29BE</key>
		<dict>
			<key>buildActionMask</key>
			<string>2147483647</string>
			<key>files</key>
			<array/>
			<key>inputPaths</key>
			<array/>
			<key>isa</key>
			<string>PBXShellScriptBuildPhase</string>
			<key>name</key>
			<string>Check Pods Manifest.lock</string>
			<key>outputPaths</key>
			<array/>
			<key>runOnlyForDeploymentPostprocessing</key>
			<string>0</string>
			<key>shellPath</key>
			<string>/bin/sh</string>
			<key>shellScript</key>
			<string>diff "${PODS_ROOT}/../Podfile.lock" "${PODS_ROOT}/Manifest.lock" &gt; /dev/null
if [[ $? != 0 ]] ; then
    cat &lt;&lt; EOM
error: The sandbox is not in sync with the Podfile.lock. Run 'pod install' or update your CocoaPods installation.
EOM
    exit 1
fi
</string>
			<key>showEnvVarsInLog</key>
			<string>0</string>
		</dict>
		<key>8D020893185F357300BC1670</key>
		<dict>
			<key>children</key>
			<array>
				<string>8D020894185F357300BC1670</string>
				<string>8D0208C3185F357300BC1670</string>
			</array>
			<key>isa</key>
			<string>PBXGroup</string>
			<key>name</key>
			<string>Classes</string>
			<key>path</key>
			<string>../Classes</string>
			<key>sourceTree</key>
			<string>&lt;group&gt;</string>
		</dict>
		<key>8D020894185F357300BC1670</key>
		<dict>
			<key>children</key>
			<array>
				<string>8D82AA7C186139C100447D50</string>
				<string>8DABF984192D919700987DF3</string>
				<string>8DABF986192D933100987DF3</string>
				<string>8DABF988192D95CA00987DF3</string>
				<string>8DABF98A192D973000987DF3</string>
				<string>8DABF98B192D973000987DF3</string>
				<string>8DABF98E192D99F100987DF3</string>
				<string>8DABF98F192D99F100987DF3</string>
				<string>8DABF992192D9A2B00987DF3</string>
				<string>8DABF993192D9A2B00987DF3</string>
				<string>8D8E1FCF19304B7A00D39B44</string>
				<string>8D8E1FD019304B7A00D39B44</string>
				<string>8D8E1FD71930869B00D39B44</string>
				<string>8D8E1FD81930869B00D39B44</string>
				<string>CD87AA1484DFA7D32CE57CEA</string>
				<string>CD87A54724F60F6BD49FF451</string>
				<string>CD87A8BE5CBC18963257AEA1</string>
			</array>
			<key>isa</key>
			<string>PBXGroup</string>
			<key>path</key>
			<string>common</string>
			<key>sourceTree</key>
			<string>&lt;group&gt;</string>
		</dict>
		<key>8D0208C3185F357300BC1670</key>
		<dict>
			<key>children</key>
			<array>
				<string>8D0208EE185FF3F800BC1670</string>
			</array>
			<key>isa</key>
			<string>PBXGroup</string>
			<key>path</key>
			<string>override</string>
			<key>sourceTree</key>
			<string>&lt;group&gt;</string>
		</dict>
		<key>8D0208EE185FF3F800BC1670</key>
		<dict>
			<key>children</key>
			<array>
				<string>8D0208EF185FF3F800BC1670</string>
			</array>
			<key>isa</key>
			<string>PBXGroup</string>
			<key>path</key>
			<string>com</string>
			<key>sourceTree</key>
			<string>&lt;group&gt;</string>
		</dict>
		<key>8D0208EF185FF3F800BC1670</key>
		<dict>
			<key>children</key>
			<array>
				<string>8D0208F0185FF3F800BC1670</string>
			</array>
			<key>isa</key>
			<string>PBXGroup</string>
			<key>path</key>
			<string>goodow</string>
			<key>sourceTree</key>
			<string>&lt;group&gt;</string>
		</dict>
		<key>8D0208F0185FF3F800BC1670</key>
		<dict>
			<key>children</key>
			<array>
				<string>8D9420771863157400C6C33A</string>
			</array>
			<key>isa</key>
			<string>PBXGroup</string>
			<key>path</key>
			<string>realtime</string>
			<key>sourceTree</key>
			<string>&lt;group&gt;</string>
		</dict>
		<key>8D82AA7C186139C100447D50</key>
		<dict>
			<key>fileEncoding</key>
			<string>4</string>
			<key>isa</key>
			<string>PBXFileReference</string>
			<key>lastKnownFileType</key>
			<string>sourcecode.c.h</string>
			<key>path</key>
			<string>GDChannel.h</string>
			<key>sourceTree</key>
			<string>&lt;group&gt;</string>
		</dict>
		<key>8D82AA7D186139C100447D50</key>
		<dict>
			<key>fileRef</key>
			<string>8D82AA7C186139C100447D50</string>
			<key>isa</key>
			<string>PBXBuildFile</string>
		</dict>
		<key>8D82AA8F1861BE3A00447D50</key>
		<dict>
			<key>fileEncoding</key>
			<string>4</string>
			<key>isa</key>
			<string>PBXFileReference</string>
			<key>lastKnownFileType</key>
			<string>sourcecode.c.objc</string>
			<key>path</key>
			<string>GDCSimpleBusTests.m</string>
			<key>sourceTree</key>
			<string>&lt;group&gt;</string>
		</dict>
		<key>8D82AA901861BE3A00447D50</key>
		<dict>
			<key>fileRef</key>
			<string>8D82AA8F1861BE3A00447D50</string>
			<key>isa</key>
			<string>PBXBuildFile</string>
		</dict>
		<key>8D8E1FCF19304B7A00D39B44</key>
		<dict>
			<key>fileEncoding</key>
			<string>4</string>
			<key>isa</key>
			<string>PBXFileReference</string>
			<key>lastKnownFileType</key>
			<string>sourcecode.c.h</string>
			<key>path</key>
			<string>JavaToIOSBusAdapter.h</string>
			<key>sourceTree</key>
			<string>&lt;group&gt;</string>
		</dict>
		<key>8D8E1FD019304B7A00D39B44</key>
		<dict>
			<key>fileEncoding</key>
			<string>4</string>
			<key>isa</key>
			<string>PBXFileReference</string>
			<key>lastKnownFileType</key>
			<string>sourcecode.c.objc</string>
			<key>path</key>
			<string>JavaToIOSBusAdapter.m</string>
			<key>sourceTree</key>
			<string>&lt;group&gt;</string>
		</dict>
		<key>8D8E1FD119304B7A00D39B44</key>
		<dict>
			<key>fileRef</key>
			<string>8D8E1FCF19304B7A00D39B44</string>
			<key>isa</key>
			<string>PBXBuildFile</string>
		</dict>
		<key>8D8E1FD219304B7A00D39B44</key>
		<dict>
			<key>fileRef</key>
			<string>8D8E1FD019304B7A00D39B44</string>
			<key>isa</key>
			<string>PBXBuildFile</string>
		</dict>
		<key>8D8E1FD71930869B00D39B44</key>
		<dict>
			<key>fileEncoding</key>
			<string>4</string>
			<key>isa</key>
			<string>PBXFileReference</string>
			<key>lastKnownFileType</key>
			<string>sourcecode.c.h</string>
			<key>path</key>
			<string>JavaMessageImpl+Adapter.h</string>
			<key>sourceTree</key>
			<string>&lt;group&gt;</string>
		</dict>
		<key>8D8E1FD81930869B00D39B44</key>
		<dict>
			<key>fileEncoding</key>
			<string>4</string>
			<key>isa</key>
			<string>PBXFileReference</string>
			<key>lastKnownFileType</key>
			<string>sourcecode.c.objc</string>
			<key>path</key>
			<string>JavaMessageImpl+Adapter.m</string>
			<key>sourceTree</key>
			<string>&lt;group&gt;</string>
		</dict>
		<key>8D8E1FD91930869B00D39B44</key>
		<dict>
			<key>fileRef</key>
			<string>8D8E1FD71930869B00D39B44</string>
			<key>isa</key>
			<string>PBXBuildFile</string>
		</dict>
		<key>8D8E1FDA1930869B00D39B44</key>
		<dict>
			<key>fileRef</key>
			<string>8D8E1FD81930869B00D39B44</string>
			<key>isa</key>
			<string>PBXBuildFile</string>
		</dict>
		<key>8D9420751861D6C400C6C33A</key>
		<dict>
			<key>fileEncoding</key>
			<string>4</string>
			<key>isa</key>
			<string>PBXFileReference</string>
			<key>lastKnownFileType</key>
			<string>sourcecode.c.objc</string>
			<key>path</key>
			<string>GDCWebSocketBusTests.m</string>
			<key>sourceTree</key>
			<string>&lt;group&gt;</string>
		</dict>
		<key>8D9420761861D6C400C6C33A</key>
		<dict>
			<key>fileRef</key>
			<string>8D9420751861D6C400C6C33A</string>
			<key>isa</key>
			<string>PBXBuildFile</string>
		</dict>
		<key>8D9420771863157400C6C33A</key>
		<dict>
			<key>children</key>
			<array>
				<string>8D9420781863157400C6C33A</string>
			</array>
			<key>isa</key>
			<string>PBXGroup</string>
			<key>path</key>
			<string>objc</string>
			<key>sourceTree</key>
			<string>&lt;group&gt;</string>
		</dict>
		<key>8D9420781863157400C6C33A</key>
		<dict>
			<key>fileEncoding</key>
			<string>4</string>
			<key>isa</key>
			<string>PBXFileReference</string>
			<key>lastKnownFileType</key>
			<string>sourcecode.c.objc</string>
			<key>path</key>
			<string>ObjCWebSocket.m</string>
			<key>sourceTree</key>
			<string>&lt;group&gt;</string>
		</dict>
		<key>8D9420791863157400C6C33A</key>
		<dict>
			<key>fileRef</key>
			<string>8D9420781863157400C6C33A</string>
			<key>isa</key>
			<string>PBXBuildFile</string>
		</dict>
		<key>8DA47FF5185AA9290029CA8D</key>
		<dict>
			<key>children</key>
			<array>
				<string>8D020893185F357300BC1670</string>
				<string>8DA48018185AA9290029CA8D</string>
				<string>8DA48000185AA9290029CA8D</string>
				<string>8DA47FFF185AA9290029CA8D</string>
				<string>C97B89E295FAAAAE9C0CAF24</string>
			</array>
			<key>isa</key>
			<string>PBXGroup</string>
			<key>sourceTree</key>
			<string>&lt;group&gt;</string>
		</dict>
		<key>8DA47FF6185AA9290029CA8D</key>
		<dict>
			<key>attributes</key>
			<dict>
				<key>LastUpgradeCheck</key>
				<string>0500</string>
				<key>ORGANIZATIONNAME</key>
				<string>Goodow</string>
			</dict>
			<key>buildConfigurationList</key>
			<string>8DA47FF9185AA9290029CA8D</string>
			<key>compatibilityVersion</key>
			<string>Xcode 3.2</string>
			<key>developmentRegion</key>
			<string>English</string>
			<key>hasScannedForEncodings</key>
			<string>0</string>
			<key>isa</key>
			<string>PBXProject</string>
			<key>knownRegions</key>
			<array>
				<string>en</string>
			</array>
			<key>mainGroup</key>
			<string>8DA47FF5185AA9290029CA8D</string>
			<key>productRefGroup</key>
			<string>8DA47FFF185AA9290029CA8D</string>
			<key>projectDirPath</key>
			<string></string>
			<key>projectReferences</key>
			<array/>
			<key>projectRoot</key>
			<string></string>
			<key>targets</key>
			<array>
				<string>8DA47FFD185AA9290029CA8D</string>
				<string>8DA48010185AA9290029CA8D</string>
			</array>
		</dict>
		<key>8DA47FF9185AA9290029CA8D</key>
		<dict>
			<key>buildConfigurations</key>
			<array>
				<string>8DA48020185AA9290029CA8D</string>
				<string>8DA48021185AA9290029CA8D</string>
			</array>
			<key>defaultConfigurationIsVisible</key>
			<string>0</string>
			<key>defaultConfigurationName</key>
			<string>Release</string>
			<key>isa</key>
			<string>XCConfigurationList</string>
		</dict>
		<key>8DA47FFA185AA9290029CA8D</key>
		<dict>
			<key>buildActionMask</key>
			<string>2147483647</string>
			<key>files</key>
			<array>
				<string>8D9420791863157400C6C33A</string>
				<string>8DABF995192D9A2B00987DF3</string>
				<string>8D8E1FD219304B7A00D39B44</string>
				<string>8D8E1FDA1930869B00D39B44</string>
				<string>8DABF98D192D973000987DF3</string>
				<string>8DABF991192D99F100987DF3</string>
				<string>CD87AEA333A4FF4C81E89507</string>
			</array>
			<key>isa</key>
			<string>PBXSourcesBuildPhase</string>
			<key>runOnlyForDeploymentPostprocessing</key>
			<string>0</string>
		</dict>
		<key>8DA47FFB185AA9290029CA8D</key>
		<dict>
			<key>buildActionMask</key>
			<string>2147483647</string>
			<key>files</key>
			<array>
				<string>8DA48002185AA9290029CA8D</string>
				<string>F17168B3DF834591BA6F0D09</string>
			</array>
			<key>isa</key>
			<string>PBXFrameworksBuildPhase</string>
			<key>runOnlyForDeploymentPostprocessing</key>
			<string>0</string>
		</dict>
		<key>8DA47FFC185AA9290029CA8D</key>
		<dict>
			<key>buildActionMask</key>
			<string>2147483647</string>
			<key>files</key>
			<array>
				<string>8DABF994192D9A2B00987DF3</string>
				<string>8DABF987192D933100987DF3</string>
				<string>8DABF989192D95CA00987DF3</string>
				<string>8DABF990192D99F100987DF3</string>
				<string>8DABF985192D919700987DF3</string>
				<string>8DABF98C192D973000987DF3</string>
				<string>8D8E1FD91930869B00D39B44</string>
				<string>8D8E1FD119304B7A00D39B44</string>
				<string>8D82AA7D186139C100447D50</string>
				<string>CD87A59CDAAFF478D6FAB670</string>
				<string>CD87AB2BF07B7DCD7FE33925</string>
			</array>
			<key>isa</key>
			<string>PBXHeadersBuildPhase</string>
			<key>runOnlyForDeploymentPostprocessing</key>
			<string>0</string>
		</dict>
		<key>8DA47FFD185AA9290029CA8D</key>
		<dict>
			<key>buildConfigurationList</key>
			<string>8DA48022185AA9290029CA8D</string>
			<key>buildPhases</key>
			<array>
				<string>50FEA133E46B493D814C31BF</string>
				<string>8DA47FFA185AA9290029CA8D</string>
				<string>8DA47FFB185AA9290029CA8D</string>
				<string>8DA47FFC185AA9290029CA8D</string>
				<string>3E266EACD4E04CCCA5B4186D</string>
			</array>
			<key>buildRules</key>
			<array/>
			<key>dependencies</key>
			<array/>
			<key>isa</key>
			<string>PBXNativeTarget</string>
			<key>name</key>
			<string>GDChannel</string>
			<key>productName</key>
			<string>GDChannel</string>
			<key>productReference</key>
			<string>8DA47FFE185AA9290029CA8D</string>
			<key>productType</key>
			<string>com.apple.product-type.library.static</string>
		</dict>
		<key>8DA47FFE185AA9290029CA8D</key>
		<dict>
			<key>explicitFileType</key>
			<string>archive.ar</string>
			<key>includeInIndex</key>
			<string>0</string>
			<key>isa</key>
			<string>PBXFileReference</string>
			<key>path</key>
			<string>libGDChannel.a</string>
			<key>sourceTree</key>
			<string>BUILT_PRODUCTS_DIR</string>
		</dict>
		<key>8DA47FFF185AA9290029CA8D</key>
		<dict>
			<key>children</key>
			<array>
				<string>8DA47FFE185AA9290029CA8D</string>
				<string>8DA48011185AA9290029CA8D</string>
			</array>
			<key>isa</key>
			<string>PBXGroup</string>
			<key>name</key>
			<string>Products</string>
			<key>sourceTree</key>
			<string>&lt;group&gt;</string>
		</dict>
		<key>8DA48000185AA9290029CA8D</key>
		<dict>
			<key>children</key>
			<array>
				<string>8DA48001185AA9290029CA8D</string>
				<string>8DA48012185AA9290029CA8D</string>
				<string>8DA48003185AA9290029CA8D</string>
				<string>65BBEF82A04A46F89B08867D</string>
			</array>
			<key>isa</key>
			<string>PBXGroup</string>
			<key>name</key>
			<string>Frameworks</string>
			<key>sourceTree</key>
			<string>&lt;group&gt;</string>
		</dict>
		<key>8DA48001185AA9290029CA8D</key>
		<dict>
			<key>isa</key>
			<string>PBXFileReference</string>
			<key>lastKnownFileType</key>
			<string>wrapper.framework</string>
			<key>name</key>
			<string>Cocoa.framework</string>
			<key>path</key>
			<string>System/Library/Frameworks/Cocoa.framework</string>
			<key>sourceTree</key>
			<string>SDKROOT</string>
		</dict>
		<key>8DA48002185AA9290029CA8D</key>
		<dict>
			<key>fileRef</key>
			<string>8DA48001185AA9290029CA8D</string>
			<key>isa</key>
			<string>PBXBuildFile</string>
		</dict>
		<key>8DA48003185AA9290029CA8D</key>
		<dict>
			<key>children</key>
			<array>
				<string>8DA48004185AA9290029CA8D</string>
				<string>8DA48005185AA9290029CA8D</string>
				<string>8DA48006185AA9290029CA8D</string>
			</array>
			<key>isa</key>
			<string>PBXGroup</string>
			<key>name</key>
			<string>Other Frameworks</string>
			<key>sourceTree</key>
			<string>&lt;group&gt;</string>
		</dict>
		<key>8DA48004185AA9290029CA8D</key>
		<dict>
			<key>isa</key>
			<string>PBXFileReference</string>
			<key>lastKnownFileType</key>
			<string>wrapper.framework</string>
			<key>name</key>
			<string>Foundation.framework</string>
			<key>path</key>
			<string>System/Library/Frameworks/Foundation.framework</string>
			<key>sourceTree</key>
			<string>SDKROOT</string>
		</dict>
		<key>8DA48005185AA9290029CA8D</key>
		<dict>
			<key>isa</key>
			<string>PBXFileReference</string>
			<key>lastKnownFileType</key>
			<string>wrapper.framework</string>
			<key>name</key>
			<string>CoreData.framework</string>
			<key>path</key>
			<string>System/Library/Frameworks/CoreData.framework</string>
			<key>sourceTree</key>
			<string>SDKROOT</string>
		</dict>
		<key>8DA48006185AA9290029CA8D</key>
		<dict>
			<key>isa</key>
			<string>PBXFileReference</string>
			<key>lastKnownFileType</key>
			<string>wrapper.framework</string>
			<key>name</key>
			<string>AppKit.framework</string>
			<key>path</key>
			<string>System/Library/Frameworks/AppKit.framework</string>
			<key>sourceTree</key>
			<string>SDKROOT</string>
		</dict>
		<key>8DA4800D185AA9290029CA8D</key>
		<dict>
			<key>buildActionMask</key>
			<string>2147483647</string>
			<key>files</key>
			<array>
				<string>8D9420761861D6C400C6C33A</string>
				<string>8D82AA901861BE3A00447D50</string>
			</array>
			<key>isa</key>
			<string>PBXSourcesBuildPhase</string>
			<key>runOnlyForDeploymentPostprocessing</key>
			<string>0</string>
		</dict>
		<key>8DA4800E185AA9290029CA8D</key>
		<dict>
			<key>buildActionMask</key>
			<string>2147483647</string>
			<key>files</key>
			<array>
				<string>8DA48014185AA9290029CA8D</string>
				<string>8DA48013185AA9290029CA8D</string>
				<string>0DE18D7D4F924BB7B4175E68</string>
			</array>
			<key>isa</key>
			<string>PBXFrameworksBuildPhase</string>
			<key>runOnlyForDeploymentPostprocessing</key>
			<string>0</string>
		</dict>
		<key>8DA4800F185AA9290029CA8D</key>
		<dict>
			<key>buildActionMask</key>
			<string>2147483647</string>
			<key>files</key>
			<array>
				<string>8DA4801D185AA9290029CA8D</string>
			</array>
			<key>isa</key>
			<string>PBXResourcesBuildPhase</string>
			<key>runOnlyForDeploymentPostprocessing</key>
			<string>0</string>
		</dict>
		<key>8DA48010185AA9290029CA8D</key>
		<dict>
			<key>buildConfigurationList</key>
			<string>8DA48025185AA9290029CA8D</string>
			<key>buildPhases</key>
			<array>
				<string>83FE5657D0F048B9A14A29BE</string>
				<string>8DA4800D185AA9290029CA8D</string>
				<string>8DA4800E185AA9290029CA8D</string>
				<string>8DA4800F185AA9290029CA8D</string>
				<string>7C30C713E09D41858B482C24</string>
			</array>
			<key>buildRules</key>
			<array/>
			<key>dependencies</key>
			<array/>
			<key>isa</key>
			<string>PBXNativeTarget</string>
			<key>name</key>
			<string>GDChannelTests</string>
			<key>productName</key>
			<string>GDChannelTests</string>
			<key>productReference</key>
			<string>8DA48011185AA9290029CA8D</string>
			<key>productType</key>
			<string>com.apple.product-type.bundle.unit-test</string>
		</dict>
		<key>8DA48011185AA9290029CA8D</key>
		<dict>
			<key>explicitFileType</key>
			<string>wrapper.cfbundle</string>
			<key>includeInIndex</key>
			<string>0</string>
			<key>isa</key>
			<string>PBXFileReference</string>
			<key>path</key>
			<string>GDChannelTests.xctest</string>
			<key>sourceTree</key>
			<string>BUILT_PRODUCTS_DIR</string>
		</dict>
		<key>8DA48012185AA9290029CA8D</key>
		<dict>
			<key>isa</key>
			<string>PBXFileReference</string>
			<key>lastKnownFileType</key>
			<string>wrapper.framework</string>
			<key>name</key>
			<string>XCTest.framework</string>
			<key>path</key>
			<string>Library/Frameworks/XCTest.framework</string>
			<key>sourceTree</key>
			<string>DEVELOPER_DIR</string>
		</dict>
		<key>8DA48013185AA9290029CA8D</key>
		<dict>
			<key>fileRef</key>
			<string>8DA48012185AA9290029CA8D</string>
			<key>isa</key>
			<string>PBXBuildFile</string>
		</dict>
		<key>8DA48014185AA9290029CA8D</key>
		<dict>
			<key>fileRef</key>
			<string>8DA48001185AA9290029CA8D</string>
			<key>isa</key>
			<string>PBXBuildFile</string>
		</dict>
		<key>8DA48018185AA9290029CA8D</key>
		<dict>
			<key>children</key>
			<array>
				<string>8DA48019185AA9290029CA8D</string>
				<string>8D82AA8F1861BE3A00447D50</string>
				<string>8D9420751861D6C400C6C33A</string>
			</array>
			<key>isa</key>
			<string>PBXGroup</string>
			<key>path</key>
			<string>GDChannelTests</string>
			<key>sourceTree</key>
			<string>&lt;group&gt;</string>
		</dict>
		<key>8DA48019185AA9290029CA8D</key>
		<dict>
			<key>children</key>
			<array>
				<string>8DA4801A185AA9290029CA8D</string>
				<string>8DA4801B185AA9290029CA8D</string>
			</array>
			<key>isa</key>
			<string>PBXGroup</string>
			<key>name</key>
			<string>Supporting Files</string>
			<key>sourceTree</key>
			<string>&lt;group&gt;</string>
		</dict>
		<key>8DA4801A185AA9290029CA8D</key>
		<dict>
			<key>isa</key>
			<string>PBXFileReference</string>
			<key>lastKnownFileType</key>
			<string>text.plist.xml</string>
			<key>path</key>
			<string>GDChannelTests-Info.plist</string>
			<key>sourceTree</key>
			<string>&lt;group&gt;</string>
		</dict>
		<key>8DA4801B185AA9290029CA8D</key>
		<dict>
			<key>children</key>
			<array>
				<string>8DA4801C185AA9290029CA8D</string>
			</array>
			<key>isa</key>
			<string>PBXVariantGroup</string>
			<key>name</key>
			<string>InfoPlist.strings</string>
			<key>sourceTree</key>
			<string>&lt;group&gt;</string>
		</dict>
		<key>8DA4801C185AA9290029CA8D</key>
		<dict>
			<key>isa</key>
			<string>PBXFileReference</string>
			<key>lastKnownFileType</key>
			<string>text.plist.strings</string>
			<key>name</key>
			<string>en</string>
			<key>path</key>
			<string>en.lproj/InfoPlist.strings</string>
			<key>sourceTree</key>
			<string>&lt;group&gt;</string>
		</dict>
		<key>8DA4801D185AA9290029CA8D</key>
		<dict>
			<key>fileRef</key>
			<string>8DA4801B185AA9290029CA8D</string>
			<key>isa</key>
			<string>PBXBuildFile</string>
		</dict>
		<key>8DA48020185AA9290029CA8D</key>
		<dict>
			<key>buildSettings</key>
			<dict>
				<key>ALWAYS_SEARCH_USER_PATHS</key>
				<string>NO</string>
				<key>CLANG_CXX_LANGUAGE_STANDARD</key>
				<string>gnu++0x</string>
				<key>CLANG_CXX_LIBRARY</key>
				<string>libc++</string>
				<key>CLANG_ENABLE_OBJC_ARC</key>
				<string>YES</string>
				<key>CLANG_WARN_BOOL_CONVERSION</key>
				<string>YES</string>
				<key>CLANG_WARN_CONSTANT_CONVERSION</key>
				<string>YES</string>
				<key>CLANG_WARN_DIRECT_OBJC_ISA_USAGE</key>
				<string>YES_ERROR</string>
				<key>CLANG_WARN_EMPTY_BODY</key>
				<string>YES</string>
				<key>CLANG_WARN_ENUM_CONVERSION</key>
				<string>YES</string>
				<key>CLANG_WARN_INT_CONVERSION</key>
				<string>YES</string>
				<key>CLANG_WARN_OBJC_ROOT_CLASS</key>
				<string>YES_ERROR</string>
				<key>CLANG_WARN__DUPLICATE_METHOD_MATCH</key>
				<string>YES</string>
				<key>COPY_PHASE_STRIP</key>
				<string>NO</string>
				<key>GCC_C_LANGUAGE_STANDARD</key>
				<string>gnu99</string>
				<key>GCC_DYNAMIC_NO_PIC</key>
				<string>NO</string>
				<key>GCC_ENABLE_OBJC_EXCEPTIONS</key>
				<string>YES</string>
				<key>GCC_OPTIMIZATION_LEVEL</key>
				<string>0</string>
				<key>GCC_PREPROCESSOR_DEFINITIONS</key>
				<array>
					<string>DEBUG=1</string>
					<string>$(inherited)</string>
				</array>
				<key>GCC_SYMBOLS_PRIVATE_EXTERN</key>
				<string>NO</string>
				<key>GCC_WARN_64_TO_32_BIT_CONVERSION</key>
				<string>YES</string>
				<key>GCC_WARN_ABOUT_RETURN_TYPE</key>
				<string>YES_ERROR</string>
				<key>GCC_WARN_UNDECLARED_SELECTOR</key>
				<string>YES</string>
				<key>GCC_WARN_UNINITIALIZED_AUTOS</key>
				<string>YES</string>
				<key>GCC_WARN_UNUSED_FUNCTION</key>
				<string>YES</string>
				<key>GCC_WARN_UNUSED_VARIABLE</key>
				<string>YES</string>
				<key>MACOSX_DEPLOYMENT_TARGET</key>
				<string>10.9</string>
				<key>ONLY_ACTIVE_ARCH</key>
				<string>YES</string>
				<key>SDKROOT</key>
				<string>macosx</string>
			</dict>
			<key>isa</key>
			<string>XCBuildConfiguration</string>
			<key>name</key>
			<string>Debug</string>
		</dict>
		<key>8DA48021185AA9290029CA8D</key>
		<dict>
			<key>buildSettings</key>
			<dict>
				<key>ALWAYS_SEARCH_USER_PATHS</key>
				<string>NO</string>
				<key>CLANG_CXX_LANGUAGE_STANDARD</key>
				<string>gnu++0x</string>
				<key>CLANG_CXX_LIBRARY</key>
				<string>libc++</string>
				<key>CLANG_ENABLE_OBJC_ARC</key>
				<string>YES</string>
				<key>CLANG_WARN_BOOL_CONVERSION</key>
				<string>YES</string>
				<key>CLANG_WARN_CONSTANT_CONVERSION</key>
				<string>YES</string>
				<key>CLANG_WARN_DIRECT_OBJC_ISA_USAGE</key>
				<string>YES_ERROR</string>
				<key>CLANG_WARN_EMPTY_BODY</key>
				<string>YES</string>
				<key>CLANG_WARN_ENUM_CONVERSION</key>
				<string>YES</string>
				<key>CLANG_WARN_INT_CONVERSION</key>
				<string>YES</string>
				<key>CLANG_WARN_OBJC_ROOT_CLASS</key>
				<string>YES_ERROR</string>
				<key>CLANG_WARN__DUPLICATE_METHOD_MATCH</key>
				<string>YES</string>
				<key>COPY_PHASE_STRIP</key>
				<string>YES</string>
				<key>DEBUG_INFORMATION_FORMAT</key>
				<string>dwarf-with-dsym</string>
				<key>ENABLE_NS_ASSERTIONS</key>
				<string>NO</string>
				<key>GCC_C_LANGUAGE_STANDARD</key>
				<string>gnu99</string>
				<key>GCC_ENABLE_OBJC_EXCEPTIONS</key>
				<string>YES</string>
				<key>GCC_WARN_64_TO_32_BIT_CONVERSION</key>
				<string>YES</string>
				<key>GCC_WARN_ABOUT_RETURN_TYPE</key>
				<string>YES_ERROR</string>
				<key>GCC_WARN_UNDECLARED_SELECTOR</key>
				<string>YES</string>
				<key>GCC_WARN_UNINITIALIZED_AUTOS</key>
				<string>YES</string>
				<key>GCC_WARN_UNUSED_FUNCTION</key>
				<string>YES</string>
				<key>GCC_WARN_UNUSED_VARIABLE</key>
				<string>YES</string>
				<key>MACOSX_DEPLOYMENT_TARGET</key>
				<string>10.9</string>
				<key>SDKROOT</key>
				<string>macosx</string>
			</dict>
			<key>isa</key>
			<string>XCBuildConfiguration</string>
			<key>name</key>
			<string>Release</string>
		</dict>
		<key>8DA48022185AA9290029CA8D</key>
		<dict>
			<key>buildConfigurations</key>
			<array>
				<string>8DA48023185AA9290029CA8D</string>
				<string>8DA48024185AA9290029CA8D</string>
			</array>
			<key>defaultConfigurationIsVisible</key>
			<string>0</string>
			<key>defaultConfigurationName</key>
			<string>Release</string>
			<key>isa</key>
			<string>XCConfigurationList</string>
		</dict>
		<key>8DA48023185AA9290029CA8D</key>
		<dict>
			<key>baseConfigurationReference</key>
			<string>AB0CD900C672E67B66A4C9EE</string>
			<key>buildSettings</key>
			<dict>
				<key>GCC_PRECOMPILE_PREFIX_HEADER</key>
				<string>YES</string>
				<key>GCC_PREFIX_HEADER</key>
				<string></string>
				<key>OTHER_LDFLAGS</key>
				<string></string>
				<key>PRODUCT_NAME</key>
				<string>$(TARGET_NAME)</string>
			</dict>
			<key>isa</key>
			<string>XCBuildConfiguration</string>
			<key>name</key>
			<string>Debug</string>
		</dict>
		<key>8DA48024185AA9290029CA8D</key>
		<dict>
			<key>baseConfigurationReference</key>
			<string>7DC1955E1731124951C35F5F</string>
			<key>buildSettings</key>
			<dict>
				<key>GCC_PRECOMPILE_PREFIX_HEADER</key>
				<string>YES</string>
				<key>GCC_PREFIX_HEADER</key>
				<string></string>
				<key>OTHER_LDFLAGS</key>
				<string></string>
				<key>PRODUCT_NAME</key>
				<string>$(TARGET_NAME)</string>
			</dict>
			<key>isa</key>
			<string>XCBuildConfiguration</string>
			<key>name</key>
			<string>Release</string>
		</dict>
		<key>8DA48025185AA9290029CA8D</key>
		<dict>
			<key>buildConfigurations</key>
			<array>
				<string>8DA48026185AA9290029CA8D</string>
				<string>8DA48027185AA9290029CA8D</string>
			</array>
			<key>defaultConfigurationIsVisible</key>
			<string>0</string>
			<key>defaultConfigurationName</key>
			<string>Release</string>
			<key>isa</key>
			<string>XCConfigurationList</string>
		</dict>
		<key>8DA48026185AA9290029CA8D</key>
		<dict>
			<key>buildSettings</key>
			<dict>
				<key>COMBINE_HIDPI_IMAGES</key>
				<string>YES</string>
				<key>FRAMEWORK_SEARCH_PATHS</key>
				<array>
					<string>$(DEVELOPER_FRAMEWORKS_DIR)</string>
					<string>$(inherited)</string>
				</array>
				<key>GCC_PRECOMPILE_PREFIX_HEADER</key>
				<string>YES</string>
				<key>GCC_PREFIX_HEADER</key>
				<string></string>
				<key>GCC_PREPROCESSOR_DEFINITIONS</key>
				<array>
					<string>DEBUG=1</string>
					<string>$(inherited)</string>
				</array>
				<key>INFOPLIST_FILE</key>
				<string>GDChannelTests/GDChannelTests-Info.plist</string>
				<key>PRODUCT_NAME</key>
				<string>$(TARGET_NAME)</string>
				<key>USER_HEADER_SEARCH_PATHS</key>
				<string>"${PROJECT_DIR}/Pods"/**</string>
				<key>WRAPPER_EXTENSION</key>
				<string>xctest</string>
			</dict>
			<key>isa</key>
			<string>XCBuildConfiguration</string>
			<key>name</key>
			<string>Debug</string>
		</dict>
		<key>8DA48027185AA9290029CA8D</key>
		<dict>
			<key>buildSettings</key>
			<dict>
				<key>COMBINE_HIDPI_IMAGES</key>
				<string>YES</string>
				<key>FRAMEWORK_SEARCH_PATHS</key>
				<array>
					<string>$(DEVELOPER_FRAMEWORKS_DIR)</string>
					<string>$(inherited)</string>
				</array>
				<key>GCC_PRECOMPILE_PREFIX_HEADER</key>
				<string>YES</string>
				<key>GCC_PREFIX_HEADER</key>
				<string></string>
				<key>INFOPLIST_FILE</key>
				<string>GDChannelTests/GDChannelTests-Info.plist</string>
				<key>PRODUCT_NAME</key>
				<string>$(TARGET_NAME)</string>
				<key>USER_HEADER_SEARCH_PATHS</key>
				<string>"${PROJECT_DIR}/Pods"/**</string>
				<key>WRAPPER_EXTENSION</key>
				<string>xctest</string>
			</dict>
			<key>isa</key>
			<string>XCBuildConfiguration</string>
			<key>name</key>
			<string>Release</string>
		</dict>
		<key>8DABF984192D919700987DF3</key>
		<dict>
			<key>fileEncoding</key>
			<string>4</string>
			<key>isa</key>
			<string>PBXFileReference</string>
			<key>lastKnownFileType</key>
			<string>sourcecode.c.h</string>
			<key>path</key>
			<string>GDCBus.h</string>
			<key>sourceTree</key>
			<string>&lt;group&gt;</string>
		</dict>
		<key>8DABF985192D919700987DF3</key>
		<dict>
			<key>fileRef</key>
			<string>8DABF984192D919700987DF3</string>
			<key>isa</key>
			<string>PBXBuildFile</string>
		</dict>
		<key>8DABF986192D933100987DF3</key>
		<dict>
			<key>fileEncoding</key>
			<string>4</string>
			<key>isa</key>
			<string>PBXFileReference</string>
			<key>lastKnownFileType</key>
			<string>sourcecode.c.h</string>
			<key>path</key>
			<string>GDCRegistration.h</string>
			<key>sourceTree</key>
			<string>&lt;group&gt;</string>
		</dict>
		<key>8DABF987192D933100987DF3</key>
		<dict>
			<key>fileRef</key>
			<string>8DABF986192D933100987DF3</string>
			<key>isa</key>
			<string>PBXBuildFile</string>
		</dict>
		<key>8DABF988192D95CA00987DF3</key>
		<dict>
			<key>fileEncoding</key>
			<string>4</string>
			<key>isa</key>
			<string>PBXFileReference</string>
			<key>lastKnownFileType</key>
			<string>sourcecode.c.h</string>
			<key>path</key>
			<string>GDCMessage.h</string>
			<key>sourceTree</key>
			<string>&lt;group&gt;</string>
		</dict>
		<key>8DABF989192D95CA00987DF3</key>
		<dict>
			<key>fileRef</key>
			<string>8DABF988192D95CA00987DF3</string>
			<key>isa</key>
			<string>PBXBuildFile</string>
		</dict>
		<key>8DABF98A192D973000987DF3</key>
		<dict>
			<key>fileEncoding</key>
			<string>4</string>
			<key>isa</key>
			<string>PBXFileReference</string>
			<key>lastKnownFileType</key>
			<string>sourcecode.c.h</string>
			<key>path</key>
			<string>GDCSimpleBus.h</string>
			<key>sourceTree</key>
			<string>&lt;group&gt;</string>
		</dict>
		<key>8DABF98B192D973000987DF3</key>
		<dict>
			<key>fileEncoding</key>
			<string>4</string>
			<key>isa</key>
			<string>PBXFileReference</string>
			<key>lastKnownFileType</key>
			<string>sourcecode.c.objc</string>
			<key>path</key>
			<string>GDCSimpleBus.m</string>
			<key>sourceTree</key>
			<string>&lt;group&gt;</string>
		</dict>
		<key>8DABF98C192D973000987DF3</key>
		<dict>
			<key>fileRef</key>
			<string>8DABF98A192D973000987DF3</string>
			<key>isa</key>
			<string>PBXBuildFile</string>
		</dict>
		<key>8DABF98D192D973000987DF3</key>
		<dict>
			<key>fileRef</key>
			<string>8DABF98B192D973000987DF3</string>
			<key>isa</key>
			<string>PBXBuildFile</string>
		</dict>
		<key>8DABF98E192D99F100987DF3</key>
		<dict>
			<key>fileEncoding</key>
			<string>4</string>
			<key>isa</key>
			<string>PBXFileReference</string>
			<key>lastKnownFileType</key>
			<string>sourcecode.c.h</string>
			<key>path</key>
			<string>GDCWebSocketBus.h</string>
			<key>sourceTree</key>
			<string>&lt;group&gt;</string>
		</dict>
		<key>8DABF98F192D99F100987DF3</key>
		<dict>
			<key>fileEncoding</key>
			<string>4</string>
			<key>isa</key>
			<string>PBXFileReference</string>
			<key>lastKnownFileType</key>
			<string>sourcecode.c.objc</string>
			<key>path</key>
			<string>GDCWebSocketBus.m</string>
			<key>sourceTree</key>
			<string>&lt;group&gt;</string>
		</dict>
		<key>8DABF990192D99F100987DF3</key>
		<dict>
			<key>fileRef</key>
			<string>8DABF98E192D99F100987DF3</string>
			<key>isa</key>
			<string>PBXBuildFile</string>
		</dict>
		<key>8DABF991192D99F100987DF3</key>
		<dict>
			<key>fileRef</key>
			<string>8DABF98F192D99F100987DF3</string>
			<key>isa</key>
			<string>PBXBuildFile</string>
		</dict>
		<key>8DABF992192D9A2B00987DF3</key>
		<dict>
			<key>fileEncoding</key>
			<string>4</string>
			<key>isa</key>
			<string>PBXFileReference</string>
			<key>lastKnownFileType</key>
			<string>sourcecode.c.h</string>
			<key>path</key>
			<string>GDCReconnectWebSocketBus.h</string>
			<key>sourceTree</key>
			<string>&lt;group&gt;</string>
		</dict>
		<key>8DABF993192D9A2B00987DF3</key>
		<dict>
			<key>fileEncoding</key>
			<string>4</string>
			<key>isa</key>
			<string>PBXFileReference</string>
			<key>lastKnownFileType</key>
			<string>sourcecode.c.objc</string>
			<key>path</key>
			<string>GDCReconnectWebSocketBus.m</string>
			<key>sourceTree</key>
			<string>&lt;group&gt;</string>
		</dict>
		<key>8DABF994192D9A2B00987DF3</key>
		<dict>
			<key>fileRef</key>
			<string>8DABF992192D9A2B00987DF3</string>
			<key>isa</key>
			<string>PBXBuildFile</string>
		</dict>
		<key>8DABF995192D9A2B00987DF3</key>
		<dict>
			<key>fileRef</key>
			<string>8DABF993192D9A2B00987DF3</string>
			<key>isa</key>
			<string>PBXBuildFile</string>
		</dict>
		<key>AB0CD900C672E67B66A4C9EE</key>
		<dict>
			<key>includeInIndex</key>
			<string>1</string>
			<key>isa</key>
			<string>PBXFileReference</string>
			<key>lastKnownFileType</key>
			<string>text.xcconfig</string>
			<key>name</key>
			<string>Pods.debug.xcconfig</string>
			<key>path</key>
			<string>Pods/Target Support Files/Pods/Pods.debug.xcconfig</string>
			<key>sourceTree</key>
			<string>&lt;group&gt;</string>
		</dict>
		<key>C97B89E295FAAAAE9C0CAF24</key>
		<dict>
			<key>children</key>
			<array>
				<string>AB0CD900C672E67B66A4C9EE</string>
				<string>7DC1955E1731124951C35F5F</string>
			</array>
			<key>isa</key>
			<string>PBXGroup</string>
			<key>name</key>
			<string>Pods</string>
			<key>sourceTree</key>
			<string>&lt;group&gt;</string>
		</dict>
		<key>CD87A54724F60F6BD49FF451</key>
		<dict>
			<key>fileEncoding</key>
			<string>4</string>
			<key>isa</key>
			<string>PBXFileReference</string>
			<key>lastKnownFileType</key>
			<string>sourcecode.c.h</string>
			<key>path</key>
			<string>JavaObjCDiff+Adapter.h</string>
			<key>sourceTree</key>
			<string>&lt;group&gt;</string>
		</dict>
		<key>CD87A59CDAAFF478D6FAB670</key>
		<dict>
			<key>fileRef</key>
			<string>CD87A54724F60F6BD49FF451</string>
			<key>isa</key>
			<string>PBXBuildFile</string>
		</dict>
		<key>CD87A8BE5CBC18963257AEA1</key>
		<dict>
			<key>fileEncoding</key>
			<string>4</string>
			<key>isa</key>
			<string>PBXFileReference</string>
			<key>lastKnownFileType</key>
			<string>sourcecode.c.h</string>
			<key>path</key>
			<string>GDCState.h</string>
			<key>sourceTree</key>
			<string>&lt;group&gt;</string>
		</dict>
		<key>CD87AA1484DFA7D32CE57CEA</key>
		<dict>
			<key>fileEncoding</key>
			<string>4</string>
			<key>isa</key>
			<string>PBXFileReference</string>
			<key>lastKnownFileType</key>
			<string>sourcecode.c.objc</string>
			<key>path</key>
			<string>JavaObjCDiff+Adapter.m</string>
			<key>sourceTree</key>
			<string>&lt;group&gt;</string>
		</dict>
		<key>CD87AB2BF07B7DCD7FE33925</key>
		<dict>
			<key>fileRef</key>
			<string>CD87A8BE5CBC18963257AEA1</string>
			<key>isa</key>
			<string>PBXBuildFile</string>
		</dict>
		<key>CD87AEA333A4FF4C81E89507</key>
		<dict>
			<key>fileRef</key>
			<string>CD87AA1484DFA7D32CE57CEA</string>
			<key>isa</key>
			<string>PBXBuildFile</string>
		</dict>
		<key>F17168B3DF834591BA6F0D09</key>
		<dict>
			<key>fileRef</key>
			<string>65BBEF82A04A46F89B08867D</string>
			<key>isa</key>
			<string>PBXBuildFile</string>
		</dict>
	</dict>
	<key>rootObject</key>
	<string>8DA47FF6185AA9290029CA8D</string>
</dict>
</plist>
