// !$*UTF8*$!
{
	archiveVersion = 1;
	classes = {
	};
	objectVersion = 46;
	objects = {

/* Begin PBXBuildFile section */
		FAE9E46319FF4B3400F10DFF /* main.m in Sources */ = {isa = PBXBuildFile; fileRef = FAE9E46219FF4B3400F10DFF /* main.m */; };
		FAE9E46619FF4B3400F10DFF /* AppDelegate.m in Sources */ = {isa = PBXBuildFile; fileRef = FAE9E46519FF4B3400F10DFF /* AppDelegate.m */; };
		FAE9E46919FF4B3400F10DFF /* ViewController.m in Sources */ = {isa = PBXBuildFile; fileRef = FAE9E46819FF4B3400F10DFF /* ViewController.m */; };
		FAE9E46C19FF4B3400F10DFF /* Main.storyboard in Resources */ = {isa = PBXBuildFile; fileRef = FAE9E46A19FF4B3400F10DFF /* Main.storyboard */; };
		FAE9E46E19FF4B3400F10DFF /* Images.xcassets in Resources */ = {isa = PBXBuildFile; fileRef = FAE9E46D19FF4B3400F10DFF /* Images.xcassets */; };
		FAE9E47119FF4B3400F10DFF /* LaunchScreen.xib in Resources */ = {isa = PBXBuildFile; fileRef = FAE9E46F19FF4B3400F10DFF /* LaunchScreen.xib */; };
		FAE9E47D19FF4B3400F10DFF /* DemoTests.m in Sources */ = {isa = PBXBuildFile; fileRef = FAE9E47C19FF4B3400F10DFF /* DemoTests.m */; };
/* End PBXBuildFile section */

/* Begin PBXContainerItemProxy section */
		FAE9E47719FF4B3400F10DFF /* PBXContainerItemProxy */ = {
			isa = PBXContainerItemProxy;
			containerPortal = FAE9E45519FF4B3400F10DFF /* Project object */;
			proxyType = 1;
			remoteGlobalIDString = FAE9E45C19FF4B3400F10DFF;
			remoteInfo = Demo;
		};
/* End PBXContainerItemProxy section */

/* Begin PBXFileReference section */
		FAE9E45D19FF4B3400F10DFF /* Demo.app */ = {isa = PBXFileReference; explicitFileType = wrapper.application; includeInIndex = 0; path = Demo.app; sourceTree = BUILT_PRODUCTS_DIR; };
		FAE9E46119FF4B3400F10DFF /* Info.plist */ = {isa = PBXFileReference; lastKnownFileType = text.plist.xml; path = Info.plist; sourceTree = "<group>"; };
		FAE9E46219FF4B3400F10DFF /* main.m */ = {isa = PBXFileReference; lastKnownFileType = sourcecode.c.objc; path = main.m; sourceTree = "<group>"; };
		FAE9E46419FF4B3400F10DFF /* AppDelegate.h */ = {isa = PBXFileReference; lastKnownFileType = sourcecode.c.h; path = AppDelegate.h; sourceTree = "<group>"; };
		FAE9E46519FF4B3400F10DFF /* AppDelegate.m */ = {isa = PBXFileReference; lastKnownFileType = sourcecode.c.objc; path = AppDelegate.m; sourceTree = "<group>"; };
		FAE9E46719FF4B3400F10DFF /* ViewController.h */ = {isa = PBXFileReference; lastKnownFileType = sourcecode.c.h; path = ViewController.h; sourceTree = "<group>"; };
		FAE9E46819FF4B3400F10DFF /* ViewController.m */ = {isa = PBXFileReference; lastKnownFileType = sourcecode.c.objc; path = ViewController.m; sourceTree = "<group>"; };
		FAE9E46B19FF4B3400F10DFF /* Base */ = {isa = PBXFileReference; lastKnownFileType = file.storyboard; name = Base; path = Base.lproj/Main.storyboard; sourceTree = "<group>"; };
		FAE9E46D19FF4B3400F10DFF /* Images.xcassets */ = {isa = PBXFileReference; lastKnownFileType = folder.assetcatalog; path = Images.xcassets; sourceTree = "<group>"; };
		FAE9E47019FF4B3400F10DFF /* Base */ = {isa = PBXFileReference; lastKnownFileType = file.xib; name = Base; path = Base.lproj/LaunchScreen.xib; sourceTree = "<group>"; };
		FAE9E47619FF4B3400F10DFF /* DemoTests.xctest */ = {isa = PBXFileReference; explicitFileType = wrapper.cfbundle; includeInIndex = 0; path = DemoTests.xctest; sourceTree = BUILT_PRODUCTS_DIR; };
		FAE9E47B19FF4B3400F10DFF /* Info.plist */ = {isa = PBXFileReference; lastKnownFileType = text.plist.xml; path = Info.plist; sourceTree = "<group>"; };
		FAE9E47C19FF4B3400F10DFF /* DemoTests.m */ = {isa = PBXFileReference; lastKnownFileType = sourcecode.c.objc; path = DemoTests.m; sourceTree = "<group>"; };
/* End PBXFileReference section */

/* Begin PBXFrameworksBuildPhase section */
		FAE9E45A19FF4B3400F10DFF /* Frameworks */ = {
			isa = PBXFrameworksBuildPhase;
			buildActionMask = 2147483647;
			files = (
			);
			runOnlyForDeploymentPostprocessing = 0;
		};
		FAE9E47319FF4B3400F10DFF /* Frameworks */ = {
			isa = PBXFrameworksBuildPhase;
			buildActionMask = 2147483647;
			files = (
			);
			runOnlyForDeploymentPostprocessing = 0;
		};
/* End PBXFrameworksBuildPhase section */

/* Begin PBXGroup section */
		FAE9E45419FF4B3400F10DFF = {
			isa = PBXGroup;
			children = (
				FAE9E45F19FF4B3400F10DFF /* Demo */,
				FAE9E47919FF4B3400F10DFF /* DemoTests */,
				FAE9E45E19FF4B3400F10DFF /* Products */,
			);
			sourceTree = "<group>";
		};
		FAE9E45E19FF4B3400F10DFF /* Products */ = {
			isa = PBXGroup;
			children = (
				FAE9E45D19FF4B3400F10DFF /* Demo.app */,
				FAE9E47619FF4B3400F10DFF /* DemoTests.xctest */,
			);
			name = Products;
			sourceTree = "<group>";
		};
		FAE9E45F19FF4B3400F10DFF /* Demo */ = {
			isa = PBXGroup;
			children = (
				FAE9E46419FF4B3400F10DFF /* AppDelegate.h */,
				FAE9E46519FF4B3400F10DFF /* AppDelegate.m */,
				FAE9E46719FF4B3400F10DFF /* ViewController.h */,
				FAE9E46819FF4B3400F10DFF /* ViewController.m */,
				FAE9E46A19FF4B3400F10DFF /* Main.storyboard */,
				FAE9E46D19FF4B3400F10DFF /* Images.xcassets */,
				FAE9E46F19FF4B3400F10DFF /* LaunchScreen.xib */,
				FAE9E46019FF4B3400F10DFF /* Supporting Files */,
			);
			path = Demo;
			sourceTree = "<group>";
		};
		FAE9E46019FF4B3400F10DFF /* Supporting Files */ = {
			isa = PBXGroup;
			children = (
				FAE9E46119FF4B3400F10DFF /* Info.plist */,
				FAE9E46219FF4B3400F10DFF /* main.m */,
			);
			name = "Supporting Files";
			sourceTree = "<group>";
		};
		FAE9E47919FF4B3400F10DFF /* DemoTests */ = {
			isa = PBXGroup;
			children = (
				FAE9E47C19FF4B3400F10DFF /* DemoTests.m */,
				FAE9E47A19FF4B3400F10DFF /* Supporting Files */,
			);
			path = DemoTests;
			sourceTree = "<group>";
		};
		FAE9E47A19FF4B3400F10DFF /* Supporting Files */ = {
			isa = PBXGroup;
			children = (
				FAE9E47B19FF4B3400F10DFF /* Info.plist */,
			);
			name = "Supporting Files";
			sourceTree = "<group>";
		};
/* End PBXGroup section */

/* Begin PBXNativeTarget section */
		FAE9E45C19FF4B3400F10DFF /* Demo */ = {
			isa = PBXNativeTarget;
			buildConfigurationList = FAE9E48019FF4B3400F10DFF /* Build configuration list for PBXNativeTarget "Demo" */;
			buildPhases = (
				FAE9E45919FF4B3400F10DFF /* Sources */,
				FAE9E45A19FF4B3400F10DFF /* Frameworks */,
				FAE9E45B19FF4B3400F10DFF /* Resources */,
			);
			buildRules = (
			);
			dependencies = (
			);
			name = Demo;
			productName = Demo;
			productReference = FAE9E45D19FF4B3400F10DFF /* Demo.app */;
			productType = "com.apple.product-type.application";
		};
		FAE9E47519FF4B3400F10DFF /* DemoTests */ = {
			isa = PBXNativeTarget;
			buildConfigurationList = FAE9E48319FF4B3400F10DFF /* Build configuration list for PBXNativeTarget "DemoTests" */;
			buildPhases = (
				FAE9E47219FF4B3400F10DFF /* Sources */,
				FAE9E47319FF4B3400F10DFF /* Frameworks */,
				FAE9E47419FF4B3400F10DFF /* Resources */,
			);
			buildRules = (
			);
			dependencies = (
				FAE9E47819FF4B3400F10DFF /* PBXTargetDependency */,
			);
			name = DemoTests;
			productName = DemoTests;
			productReference = FAE9E47619FF4B3400F10DFF /* DemoTests.xctest */;
			productType = "com.apple.product-type.bundle.unit-test";
		};
/* End PBXNativeTarget section */

/* Begin PBXProject section */
		FAE9E45519FF4B3400F10DFF /* Project object */ = {
			isa = PBXProject;
			attributes = {
				LastUpgradeCheck = 0610;
				ORGANIZATIONNAME = HonghaoZ;
				TargetAttributes = {
					FAE9E45C19FF4B3400F10DFF = {
						CreatedOnToolsVersion = 6.1;
					};
					FAE9E47519FF4B3400F10DFF = {
						CreatedOnToolsVersion = 6.1;
						TestTargetID = FAE9E45C19FF4B3400F10DFF;
					};
				};
			};
			buildConfigurationList = FAE9E45819FF4B3400F10DFF /* Build configuration list for PBXProject "Demo" */;
			compatibilityVersion = "Xcode 3.2";
			developmentRegion = English;
			hasScannedForEncodings = 0;
			knownRegions = (
				en,
				Base,
			);
			mainGroup = FAE9E45419FF4B3400F10DFF;
			productRefGroup = FAE9E45E19FF4B3400F10DFF /* Products */;
			projectDirPath = "";
			projectRoot = "";
			targets = (
				FAE9E45C19FF4B3400F10DFF /* Demo */,
				FAE9E47519FF4B3400F10DFF /* DemoTests */,
			);
		};
/* End PBXProject section */

/* Begin PBXResourcesBuildPhase section */
		FAE9E45B19FF4B3400F10DFF /* Resources */ = {
			isa = PBXResourcesBuildPhase;
			buildActionMask = 2147483647;
			files = (
				FAE9E46C19FF4B3400F10DFF /* Main.storyboard in Resources */,
				FAE9E47119FF4B3400F10DFF /* LaunchScreen.xib in Resources */,
				FAE9E46E19FF4B3400F10DFF /* Images.xcassets in Resources */,
			);
			runOnlyForDeploymentPostprocessing = 0;
		};
		FAE9E47419FF4B3400F10DFF /* Resources */ = {
			isa = PBXResourcesBuildPhase;
			buildActionMask = 2147483647;
			files = (
			);
			runOnlyForDeploymentPostprocessing = 0;
		};
/* End PBXResourcesBuildPhase section */

/* Begin PBXSourcesBuildPhase section */
		FAE9E45919FF4B3400F10DFF /* Sources */ = {
			isa = PBXSourcesBuildPhase;
			buildActionMask = 2147483647;
			files = (
				FAE9E46919FF4B3400F10DFF /* ViewController.m in Sources */,
				FAE9E46619FF4B3400F10DFF /* AppDelegate.m in Sources */,
				FAE9E46319FF4B3400F10DFF /* main.m in Sources */,
			);
			runOnlyForDeploymentPostprocessing = 0;
		};
		FAE9E47219FF4B3400F10DFF /* Sources */ = {
			isa = PBXSourcesBuildPhase;
			buildActionMask = 2147483647;
			files = (
				FAE9E47D19FF4B3400F10DFF /* DemoTests.m in Sources */,
			);
			runOnlyForDeploymentPostprocessing = 0;
		};
/* End PBXSourcesBuildPhase section */

/* Begin PBXTargetDependency section */
		FAE9E47819FF4B3400F10DFF /* PBXTargetDependency */ = {
			isa = PBXTargetDependency;
			target = FAE9E45C19FF4B3400F10DFF /* Demo */;
			targetProxy = FAE9E47719FF4B3400F10DFF /* PBXContainerItemProxy */;
		};
/* End PBXTargetDependency section */

/* Begin PBXVariantGroup section */
		FAE9E46A19FF4B3400F10DFF /* Main.storyboard */ = {
			isa = PBXVariantGroup;
			children = (
				FAE9E46B19FF4B3400F10DFF /* Base */,
			);
			name = Main.storyboard;
			sourceTree = "<group>";
		};
		FAE9E46F19FF4B3400F10DFF /* LaunchScreen.xib */ = {
			isa = PBXVariantGroup;
			children = (
				FAE9E47019FF4B3400F10DFF /* Base */,
			);
			name = LaunchScreen.xib;
			sourceTree = "<group>";
		};
/* End PBXVariantGroup section */

/* Begin XCBuildConfiguration section */
		FAE9E47E19FF4B3400F10DFF /* Debug */ = {
			isa = XCBuildConfiguration;
			buildSettings = {
				ALWAYS_SEARCH_USER_PATHS = NO;
				CLANG_CXX_LANGUAGE_STANDARD = "gnu++0x";
				CLANG_CXX_LIBRARY = "libc++";
				CLANG_ENABLE_MODULES = YES;
				CLANG_ENABLE_OBJC_ARC = YES;
				CLANG_WARN_BOOL_CONVERSION = YES;
				CLANG_WARN_CONSTANT_CONVERSION = YES;
				CLANG_WARN_DIRECT_OBJC_ISA_USAGE = YES_ERROR;
				CLANG_WARN_EMPTY_BODY = YES;
				CLANG_WARN_ENUM_CONVERSION = YES;
				CLANG_WARN_INT_CONVERSION = YES;
				CLANG_WARN_OBJC_ROOT_CLASS = YES_ERROR;
				CLANG_WARN_UNREACHABLE_CODE = YES;
				CLANG_WARN__DUPLICATE_METHOD_MATCH = YES;
				"CODE_SIGN_IDENTITY[sdk=iphoneos*]" = "iPhone Developer";
				COPY_PHASE_STRIP = NO;
				ENABLE_STRICT_OBJC_MSGSEND = YES;
				GCC_C_LANGUAGE_STANDARD = gnu99;
				GCC_DYNAMIC_NO_PIC = NO;
				GCC_OPTIMIZATION_LEVEL = 0;
				GCC_PREPROCESSOR_DEFINITIONS = (
					"DEBUG=1",
					"$(inherited)",
				);
				GCC_SYMBOLS_PRIVATE_EXTERN = NO;
				GCC_WARN_64_TO_32_BIT_CONVERSION = YES;
				GCC_WARN_ABOUT_RETURN_TYPE = YES_ERROR;
				GCC_WARN_UNDECLARED_SELECTOR = YES;
				GCC_WARN_UNINITIALIZED_AUTOS = YES_AGGRESSIVE;
				GCC_WARN_UNUSED_FUNCTION = YES;
				GCC_WARN_UNUSED_VARIABLE = YES;
				IPHONEOS_DEPLOYMENT_TARGET = 8.1;
				MTL_ENABLE_DEBUG_INFO = YES;
				ONLY_ACTIVE_ARCH = YES;
				SDKROOT = iphoneos;
			};
			name = Debug;
		};
		FAE9E47F19FF4B3400F10DFF /* Release */ = {
			isa = XCBuildConfiguration;
			buildSettings = {
				ALWAYS_SEARCH_USER_PATHS = NO;
				CLANG_CXX_LANGUAGE_STANDARD = "gnu++0x";
				CLANG_CXX_LIBRARY = "libc++";
				CLANG_ENABLE_MODULES = YES;
				CLANG_ENABLE_OBJC_ARC = YES;
				CLANG_WARN_BOOL_CONVERSION = YES;
				CLANG_WARN_CONSTANT_CONVERSION = YES;
				CLANG_WARN_DIRECT_OBJC_ISA_USAGE = YES_ERROR;
				CLANG_WARN_EMPTY_BODY = YES;
				CLANG_WARN_ENUM_CONVERSION = YES;
				CLANG_WARN_INT_CONVERSION = YES;
				CLANG_WARN_OBJC_ROOT_CLASS = YES_ERROR;
				CLANG_WARN_UNREACHABLE_CODE = YES;
				CLANG_WARN__DUPLICATE_METHOD_MATCH = YES;
				"CODE_SIGN_IDENTITY[sdk=iphoneos*]" = "iPhone Developer";
				COPY_PHASE_STRIP = YES;
				ENABLE_NS_ASSERTIONS = NO;
				ENABLE_STRICT_OBJC_MSGSEND = YES;
				GCC_C_LANGUAGE_STANDARD = gnu99;
				GCC_WARN_64_TO_32_BIT_CONVERSION = YES;
				GCC_WARN_ABOUT_RETURN_TYPE = YES_ERROR;
				GCC_WARN_UNDECLARED_SELECTOR = YES;
				GCC_WARN_UNINITIALIZED_AUTOS = YES_AGGRESSIVE;
				GCC_WARN_UNUSED_FUNCTION = YES;
				GCC_WARN_UNUSED_VARIABLE = YES;
				IPHONEOS_DEPLOYMENT_TARGET = 8.1;
				MTL_ENABLE_DEBUG_INFO = NO;
				SDKROOT = iphoneos;
				VALIDATE_PRODUCT = YES;
			};
			name = Release;
		};
		FAE9E48119FF4B3400F10DFF /* Debug */ = {
			isa = XCBuildConfiguration;
			buildSettings = {
				ASSETCATALOG_COMPILER_APPICON_NAME = AppIcon;
				INFOPLIST_FILE = Demo/Info.plist;
				LD_RUNPATH_SEARCH_PATHS = "$(inherited) @executable_path/Frameworks";
				PRODUCT_NAME = "$(TARGET_NAME)";
			};
			name = Debug;
		};
		FAE9E48219FF4B3400F10DFF /* Release */ = {
			isa = XCBuildConfiguration;
			buildSettings = {
				ASSETCATALOG_COMPILER_APPICON_NAME = AppIcon;
				INFOPLIST_FILE = Demo/Info.plist;
				LD_RUNPATH_SEARCH_PATHS = "$(inherited) @executable_path/Frameworks";
				PRODUCT_NAME = "$(TARGET_NAME)";
			};
			name = Release;
		};
		FAE9E48419FF4B3400F10DFF /* Debug */ = {
			isa = XCBuildConfiguration;
			buildSettings = {
				BUNDLE_LOADER = "$(TEST_HOST)";
				FRAMEWORK_SEARCH_PATHS = (
					"$(SDKROOT)/Developer/Library/Frameworks",
					"$(inherited)",
				);
				GCC_PREPROCESSOR_DEFINITIONS = (
					"DEBUG=1",
					"$(inherited)",
				);
				INFOPLIST_FILE = DemoTests/Info.plist;
				LD_RUNPATH_SEARCH_PATHS = "$(inherited) @executable_path/Frameworks @loader_path/Frameworks";
				PRODUCT_NAME = "$(TARGET_NAME)";
				TEST_HOST = "$(BUILT_PRODUCTS_DIR)/Demo.app/Demo";
			};
			name = Debug;
		};
		FAE9E48519FF4B3400F10DFF /* Release */ = {
			isa = XCBuildConfiguration;
			buildSettings = {
				BUNDLE_LOADER = "$(TEST_HOST)";
				FRAMEWORK_SEARCH_PATHS = (
					"$(SDKROOT)/Developer/Library/Frameworks",
					"$(inherited)",
				);
				INFOPLIST_FILE = DemoTests/Info.plist;
				LD_RUNPATH_SEARCH_PATHS = "$(inherited) @executable_path/Frameworks @loader_path/Frameworks";
				PRODUCT_NAME = "$(TARGET_NAME)";
				TEST_HOST = "$(BUILT_PRODUCTS_DIR)/Demo.app/Demo";
			};
			name = Release;
		};
/* End XCBuildConfiguration section */

/* Begin XCConfigurationList section */
		FAE9E45819FF4B3400F10DFF /* Build configuration list for PBXProject "Demo" */ = {
			isa = XCConfigurationList;
			buildConfigurations = (
				FAE9E47E19FF4B3400F10DFF /* Debug */,
				FAE9E47F19FF4B3400F10DFF /* Release */,
			);
			defaultConfigurationIsVisible = 0;
			defaultConfigurationName = Release;
		};
		FAE9E48019FF4B3400F10DFF /* Build configuration list for PBXNativeTarget "Demo" */ = {
			isa = XCConfigurationList;
			buildConfigurations = (
				FAE9E48119FF4B3400F10DFF /* Debug */,
				FAE9E48219FF4B3400F10DFF /* Release */,
			);
			defaultConfigurationIsVisible = 0;
		};
		FAE9E48319FF4B3400F10DFF /* Build configuration list for PBXNativeTarget "DemoTests" */ = {
			isa = XCConfigurationList;
			buildConfigurations = (
				FAE9E48419FF4B3400F10DFF /* Debug */,
				FAE9E48519FF4B3400F10DFF /* Release */,
			);
			defaultConfigurationIsVisible = 0;
		};
/* End XCConfigurationList section */
	};
	rootObject = FAE9E45519FF4B3400F10DFF /* Project object */;
}
